
Microsoft Visual Studio Solution File, Format Version 12.00
# Visual Studio Version 17
VisualStudioVersion = 17.7.34221.43
MinimumVisualStudioVersion = 10.0.40219.1
Project("{FAE04EC0-301F-11D3-BF4B-00C04F79EFBC}") = "zad_if_momi4eta_mom4eta", "zad_if_momi4eta_mom4eta\zad_if_momi4eta_mom4eta.csproj", "{C84FB46E-E096-4971-8A3F-AEBDD0BC18F9}"
EndProject
Global
	GlobalSection(SolutionConfigurationPlatforms) = preSolution
		Debug|Any CPU = Debug|Any CPU
		Release|Any CPU = Release|Any CPU
	EndGlobalSection
	GlobalSection(ProjectConfigurationPlatforms) = postSolution
		{C84FB46E-E096-4971-8A3F-AEBDD0BC18F9}.Debug|Any CPU.ActiveCfg = Debug|Any CPU
		{C84FB46E-E096-4971-8A3F-AEBDD0BC18F9}.Debug|Any CPU.Build.0 = Debug|Any CPU
		{C84FB46E-E096-4971-8A3F-AEBDD0BC18F9}.Release|Any CPU.ActiveCfg = Release|Any CPU
		{C84FB46E-E096-4971-8A3F-AEBDD0BC18F9}.Release|Any CPU.Build.0 = Release|Any CPU
	EndGlobalSection
	GlobalSection(SolutionProperties) = preSolution
		HideSolutionNode = FALSE
	EndGlobalSection
	GlobalSection(ExtensibilityGlobals) = postSolution
		SolutionGuid = {D80756CA-911E-4241-AB2B-758F623AED9F}
	EndGlobalSection
EndGlobal
